
Microsoft Visual Studio Solution File, Format Version 12.00
# Visual Studio 15
VisualStudioVersion = 15.0.28010.2048
MinimumVisualStudioVersion = 10.0.40219.1
Project("{FAE04EC0-301F-11D3-BF4B-00C04F79EFBC}") = "AirTrafficMonitorGrp11", "AirTrafficMonitorGrp11\AirTrafficMonitorGrp11.csproj", "{BB2A157D-E6D6-4E5C-A379-2D8F239F0DBC}"
EndProject
Global
	GlobalSection(SolutionConfigurationPlatforms) = preSolution
		Debug|Any CPU = Debug|Any CPU
		Release|Any CPU = Release|Any CPU
	EndGlobalSection
	GlobalSection(ProjectConfigurationPlatforms) = postSolution
		{BB2A157D-E6D6-4E5C-A379-2D8F239F0DBC}.Debug|Any CPU.ActiveCfg = Debug|Any CPU
		{BB2A157D-E6D6-4E5C-A379-2D8F239F0DBC}.Debug|Any CPU.Build.0 = Debug|Any CPU
		{BB2A157D-E6D6-4E5C-A379-2D8F239F0DBC}.Release|Any CPU.ActiveCfg = Release|Any CPU
		{BB2A157D-E6D6-4E5C-A379-2D8F239F0DBC}.Release|Any CPU.Build.0 = Release|Any CPU
	EndGlobalSection
	GlobalSection(SolutionProperties) = preSolution
		HideSolutionNode = FALSE
	EndGlobalSection
	GlobalSection(ExtensibilityGlobals) = postSolution
		SolutionGuid = {96360932-ADF6-4E99-8896-15F10DB4A77B}
	EndGlobalSection
EndGlobal
